// !$*UTF8*$!
{
	archiveVersion = 1;
	classes = {
	};
	objectVersion = 52;
	objects = {

/* Begin PBXBuildFile section */
		07333E5D2556480C00903FAF /* SwiftyJSON in Frameworks */ = {isa = PBXBuildFile; productRef = 07333E5C2556480C00903FAF /* SwiftyJSON */; };
		074ADF3C21ADADDB00417249 /* RecommendationViewController.swift in Sources */ = {isa = PBXBuildFile; fileRef = 074ADF3B21ADADDB00417249 /* RecommendationViewController.swift */; };
		074ADF4521AEF91700417249 /* User.swift in Sources */ = {isa = PBXBuildFile; fileRef = 074ADF4421AEF91700417249 /* User.swift */; };
		074ADF4721AEFC4900417249 /* Request.swift in Sources */ = {isa = PBXBuildFile; fileRef = 074ADF4621AEFC4900417249 /* Request.swift */; };
		074ADF4E21AFA47000417249 /* IncomingRequestTableViewCell.swift in Sources */ = {isa = PBXBuildFile; fileRef = 074ADF4D21AFA47000417249 /* IncomingRequestTableViewCell.swift */; };
		074ADF5021AFA47B00417249 /* OutgoingRequestTableViewCell.swift in Sources */ = {isa = PBXBuildFile; fileRef = 074ADF4F21AFA47B00417249 /* OutgoingRequestTableViewCell.swift */; };
		074ADF5221B2D51C00417249 /* WebService.swift in Sources */ = {isa = PBXBuildFile; fileRef = 074ADF5121B2D51C00417249 /* WebService.swift */; };
		0781921B21B7CB8F0046E5AA /* LoggingUser.swift in Sources */ = {isa = PBXBuildFile; fileRef = 0781921A21B7CB8F0046E5AA /* LoggingUser.swift */; };
		079D32C521C173EE00C9480E /* DecodableRequest.swift in Sources */ = {isa = PBXBuildFile; fileRef = 079D32C421C173EE00C9480E /* DecodableRequest.swift */; };
		07B678BA219E38B9006E5AFC /* RegistrationViewController.swift in Sources */ = {isa = PBXBuildFile; fileRef = 07B678B9219E38B9006E5AFC /* RegistrationViewController.swift */; };
		07B678BC219E38E8006E5AFC /* MainViewController.swift in Sources */ = {isa = PBXBuildFile; fileRef = 07B678BB219E38E8006E5AFC /* MainViewController.swift */; };
		07B678BE219E38FB006E5AFC /* MakeRequestViewController.swift in Sources */ = {isa = PBXBuildFile; fileRef = 07B678BD219E38FB006E5AFC /* MakeRequestViewController.swift */; };
		07B678C0219E3912006E5AFC /* RequestStatusViewController.swift in Sources */ = {isa = PBXBuildFile; fileRef = 07B678BF219E3912006E5AFC /* RequestStatusViewController.swift */; };
		07B678C2219E3924006E5AFC /* RequestResponseViewController.swift in Sources */ = {isa = PBXBuildFile; fileRef = 07B678C1219E3924006E5AFC /* RequestResponseViewController.swift */; };
		07B678C4219E3A4F006E5AFC /* UserCustomizationViewController.swift in Sources */ = {isa = PBXBuildFile; fileRef = 07B678C3219E3A4F006E5AFC /* UserCustomizationViewController.swift */; };
		07B678C6219E3A7E006E5AFC /* IncomingRequestsTableViewController.swift in Sources */ = {isa = PBXBuildFile; fileRef = 07B678C5219E3A7E006E5AFC /* IncomingRequestsTableViewController.swift */; };
		07B678C8219E3A9D006E5AFC /* OutgoingRequestsTableViewController.swift in Sources */ = {isa = PBXBuildFile; fileRef = 07B678C7219E3A9D006E5AFC /* OutgoingRequestsTableViewController.swift */; };
		AA222465219A058600A84B39 /* AppDelegate.swift in Sources */ = {isa = PBXBuildFile; fileRef = AA222464219A058600A84B39 /* AppDelegate.swift */; };
		AA222467219A058600A84B39 /* LoginViewController.swift in Sources */ = {isa = PBXBuildFile; fileRef = AA222466219A058600A84B39 /* LoginViewController.swift */; };
		AA22246A219A058600A84B39 /* Main.storyboard in Resources */ = {isa = PBXBuildFile; fileRef = AA222468219A058600A84B39 /* Main.storyboard */; };
		AA22246D219A058600A84B39 /* Busyness_.xcdatamodeld in Sources */ = {isa = PBXBuildFile; fileRef = AA22246B219A058600A84B39 /* Busyness_.xcdatamodeld */; };
		AA222472219A058700A84B39 /* LaunchScreen.storyboard in Resources */ = {isa = PBXBuildFile; fileRef = AA222470219A058700A84B39 /* LaunchScreen.storyboard */; };
		B5C1D01121B7BB0200C6274D /* Media.xcassets in Resources */ = {isa = PBXBuildFile; fileRef = B5C1D01021B7BB0200C6274D /* Media.xcassets */; };
/* End PBXBuildFile section */

/* Begin PBXFileReference section */
		07333E5A255647A800903FAF /* BridgingHeader.h */ = {isa = PBXFileReference; fileEncoding = 4; lastKnownFileType = sourcecode.c.h; path = BridgingHeader.h; sourceTree = "<group>"; };
		074ADF3B21ADADDB00417249 /* RecommendationViewController.swift */ = {isa = PBXFileReference; lastKnownFileType = sourcecode.swift; path = RecommendationViewController.swift; sourceTree = "<group>"; };
		074ADF4421AEF91700417249 /* User.swift */ = {isa = PBXFileReference; lastKnownFileType = sourcecode.swift; path = User.swift; sourceTree = "<group>"; };
		074ADF4621AEFC4900417249 /* Request.swift */ = {isa = PBXFileReference; lastKnownFileType = sourcecode.swift; path = Request.swift; sourceTree = "<group>"; };
		074ADF4D21AFA47000417249 /* IncomingRequestTableViewCell.swift */ = {isa = PBXFileReference; lastKnownFileType = sourcecode.swift; path = IncomingRequestTableViewCell.swift; sourceTree = "<group>"; };
		074ADF4F21AFA47B00417249 /* OutgoingRequestTableViewCell.swift */ = {isa = PBXFileReference; lastKnownFileType = sourcecode.swift; path = OutgoingRequestTableViewCell.swift; sourceTree = "<group>"; };
		074ADF5121B2D51C00417249 /* WebService.swift */ = {isa = PBXFileReference; lastKnownFileType = sourcecode.swift; path = WebService.swift; sourceTree = "<group>"; };
		0781921A21B7CB8F0046E5AA /* LoggingUser.swift */ = {isa = PBXFileReference; lastKnownFileType = sourcecode.swift; path = LoggingUser.swift; sourceTree = "<group>"; };
		079D32C421C173EE00C9480E /* DecodableRequest.swift */ = {isa = PBXFileReference; lastKnownFileType = sourcecode.swift; path = DecodableRequest.swift; sourceTree = "<group>"; };
		07B678B9219E38B9006E5AFC /* RegistrationViewController.swift */ = {isa = PBXFileReference; lastKnownFileType = sourcecode.swift; path = RegistrationViewController.swift; sourceTree = "<group>"; };
		07B678BB219E38E8006E5AFC /* MainViewController.swift */ = {isa = PBXFileReference; lastKnownFileType = sourcecode.swift; path = MainViewController.swift; sourceTree = "<group>"; };
		07B678BD219E38FB006E5AFC /* MakeRequestViewController.swift */ = {isa = PBXFileReference; lastKnownFileType = sourcecode.swift; path = MakeRequestViewController.swift; sourceTree = "<group>"; };
		07B678BF219E3912006E5AFC /* RequestStatusViewController.swift */ = {isa = PBXFileReference; lastKnownFileType = sourcecode.swift; path = RequestStatusViewController.swift; sourceTree = "<group>"; };
		07B678C1219E3924006E5AFC /* RequestResponseViewController.swift */ = {isa = PBXFileReference; lastKnownFileType = sourcecode.swift; path = RequestResponseViewController.swift; sourceTree = "<group>"; };
		07B678C3219E3A4F006E5AFC /* UserCustomizationViewController.swift */ = {isa = PBXFileReference; lastKnownFileType = sourcecode.swift; path = UserCustomizationViewController.swift; sourceTree = "<group>"; };
		07B678C5219E3A7E006E5AFC /* IncomingRequestsTableViewController.swift */ = {isa = PBXFileReference; lastKnownFileType = sourcecode.swift; path = IncomingRequestsTableViewController.swift; sourceTree = "<group>"; };
		07B678C7219E3A9D006E5AFC /* OutgoingRequestsTableViewController.swift */ = {isa = PBXFileReference; lastKnownFileType = sourcecode.swift; path = OutgoingRequestsTableViewController.swift; sourceTree = "<group>"; };
		AA222461219A058600A84B39 /* Busyness!.app */ = {isa = PBXFileReference; explicitFileType = wrapper.application; includeInIndex = 0; path = "Busyness!.app"; sourceTree = BUILT_PRODUCTS_DIR; };
		AA222464219A058600A84B39 /* AppDelegate.swift */ = {isa = PBXFileReference; lastKnownFileType = sourcecode.swift; path = AppDelegate.swift; sourceTree = "<group>"; };
		AA222466219A058600A84B39 /* LoginViewController.swift */ = {isa = PBXFileReference; lastKnownFileType = sourcecode.swift; path = LoginViewController.swift; sourceTree = "<group>"; };
		AA222469219A058600A84B39 /* Base */ = {isa = PBXFileReference; lastKnownFileType = file.storyboard; name = Base; path = Base.lproj/Main.storyboard; sourceTree = "<group>"; };
		AA22246C219A058600A84B39 /* Busyness_.xcdatamodel */ = {isa = PBXFileReference; lastKnownFileType = wrapper.xcdatamodel; path = Busyness_.xcdatamodel; sourceTree = "<group>"; };
		AA222471219A058700A84B39 /* Base */ = {isa = PBXFileReference; lastKnownFileType = file.storyboard; name = Base; path = Base.lproj/LaunchScreen.storyboard; sourceTree = "<group>"; };
		AA222473219A058700A84B39 /* Info.plist */ = {isa = PBXFileReference; lastKnownFileType = text.plist.xml; path = Info.plist; sourceTree = "<group>"; };
		B5C1D01021B7BB0200C6274D /* Media.xcassets */ = {isa = PBXFileReference; lastKnownFileType = folder.assetcatalog; path = Media.xcassets; sourceTree = "<group>"; };
/* End PBXFileReference section */

/* Begin PBXFrameworksBuildPhase section */
		AA22245E219A058600A84B39 /* Frameworks */ = {
			isa = PBXFrameworksBuildPhase;
			buildActionMask = 2147483647;
			files = (
				07333E5D2556480C00903FAF /* SwiftyJSON in Frameworks */,
			);
			runOnlyForDeploymentPostprocessing = 0;
		};
/* End PBXFrameworksBuildPhase section */

/* Begin PBXGroup section */
		07333E5B2556480C00903FAF /* Frameworks */ = {
			isa = PBXGroup;
			children = (
			);
			name = Frameworks;
			sourceTree = "<group>";
		};
		074ADF3F21AEF84A00417249 /* Models */ = {
			isa = PBXGroup;
			children = (
				074ADF4421AEF91700417249 /* User.swift */,
				074ADF4621AEFC4900417249 /* Request.swift */,
				074ADF5121B2D51C00417249 /* WebService.swift */,
				0781921A21B7CB8F0046E5AA /* LoggingUser.swift */,
				079D32C421C173EE00C9480E /* DecodableRequest.swift */,
			);
			path = Models;
			sourceTree = "<group>";
		};
		074ADF4821AFA16400417249 /* Cells */ = {
			isa = PBXGroup;
			children = (
				074ADF4D21AFA47000417249 /* IncomingRequestTableViewCell.swift */,
				074ADF4F21AFA47B00417249 /* OutgoingRequestTableViewCell.swift */,
			);
			path = Cells;
			sourceTree = "<group>";
		};
		074ADF5821B48DD500417249 /* Storyboards */ = {
			isa = PBXGroup;
			children = (
				AA222468219A058600A84B39 /* Main.storyboard */,
				AA222470219A058700A84B39 /* LaunchScreen.storyboard */,
			);
			path = Storyboards;
			sourceTree = "<group>";
		};
		074ADF5921B48DEC00417249 /* Support */ = {
			isa = PBXGroup;
			children = (
				AA222464219A058600A84B39 /* AppDelegate.swift */,
				AA222473219A058700A84B39 /* Info.plist */,
				AA22246B219A058600A84B39 /* Busyness_.xcdatamodeld */,
				07333E5A255647A800903FAF /* BridgingHeader.h */,
			);
			path = Support;
			sourceTree = "<group>";
		};
		0781921621B770E10046E5AA /* Login & Registration */ = {
			isa = PBXGroup;
			children = (
				AA222466219A058600A84B39 /* LoginViewController.swift */,
				07B678B9219E38B9006E5AFC /* RegistrationViewController.swift */,
				07B678C3219E3A4F006E5AFC /* UserCustomizationViewController.swift */,
			);
			path = "Login & Registration";
			sourceTree = "<group>";
		};
		0781921721B770FF0046E5AA /* Make Request */ = {
			isa = PBXGroup;
			children = (
				07B678BD219E38FB006E5AFC /* MakeRequestViewController.swift */,
			);
			path = "Make Request";
			sourceTree = "<group>";
		};
		0781921821B771500046E5AA /* Incoming Request */ = {
			isa = PBXGroup;
			children = (
				07B678C5219E3A7E006E5AFC /* IncomingRequestsTableViewController.swift */,
				07B678C1219E3924006E5AFC /* RequestResponseViewController.swift */,
				074ADF3B21ADADDB00417249 /* RecommendationViewController.swift */,
			);
			path = "Incoming Request";
			sourceTree = "<group>";
		};
		0781921921B771860046E5AA /* Outgoing Request */ = {
			isa = PBXGroup;
			children = (
				07B678C7219E3A9D006E5AFC /* OutgoingRequestsTableViewController.swift */,
				07B678BF219E3912006E5AFC /* RequestStatusViewController.swift */,
			);
			path = "Outgoing Request";
			sourceTree = "<group>";
		};
		07B678B8219E3887006E5AFC /* View Controllers */ = {
			isa = PBXGroup;
			children = (
				07B678C9219E3AAA006E5AFC /* View */,
			);
			path = "View Controllers";
			sourceTree = "<group>";
		};
		07B678C9219E3AAA006E5AFC /* View */ = {
			isa = PBXGroup;
			children = (
				0781921921B771860046E5AA /* Outgoing Request */,
				0781921821B771500046E5AA /* Incoming Request */,
				0781921721B770FF0046E5AA /* Make Request */,
				0781921621B770E10046E5AA /* Login & Registration */,
				07B678BB219E38E8006E5AFC /* MainViewController.swift */,
			);
			path = View;
			sourceTree = "<group>";
		};
		AA222458219A058600A84B39 = {
			isa = PBXGroup;
			children = (
				AA222463219A058600A84B39 /* Busyness! */,
				AA222462219A058600A84B39 /* Products */,
				07333E5B2556480C00903FAF /* Frameworks */,
			);
			sourceTree = "<group>";
		};
		AA222462219A058600A84B39 /* Products */ = {
			isa = PBXGroup;
			children = (
				AA222461219A058600A84B39 /* Busyness!.app */,
			);
			name = Products;
			sourceTree = "<group>";
		};
		AA222463219A058600A84B39 /* Busyness! */ = {
			isa = PBXGroup;
			children = (
				074ADF5921B48DEC00417249 /* Support */,
				074ADF5821B48DD500417249 /* Storyboards */,
				074ADF4821AFA16400417249 /* Cells */,
				074ADF3F21AEF84A00417249 /* Models */,
				07B678B8219E3887006E5AFC /* View Controllers */,
				B5C1D01021B7BB0200C6274D /* Media.xcassets */,
			);
			path = "Busyness!";
			sourceTree = "<group>";
		};
/* End PBXGroup section */

/* Begin PBXNativeTarget section */
		AA222460219A058600A84B39 /* Busyness! */ = {
			isa = PBXNativeTarget;
			buildConfigurationList = AA222476219A058700A84B39 /* Build configuration list for PBXNativeTarget "Busyness!" */;
			buildPhases = (
				AA22245D219A058600A84B39 /* Sources */,
				AA22245E219A058600A84B39 /* Frameworks */,
				AA22245F219A058600A84B39 /* Resources */,
			);
			buildRules = (
			);
			dependencies = (
			);
			name = "Busyness!";
			packageProductDependencies = (
				07333E5C2556480C00903FAF /* SwiftyJSON */,
			);
			productName = "Busyness!";
			productReference = AA222461219A058600A84B39 /* Busyness!.app */;
			productType = "com.apple.product-type.application";
		};
/* End PBXNativeTarget section */

/* Begin PBXProject section */
		AA222459219A058600A84B39 /* Project object */ = {
			isa = PBXProject;
			attributes = {
				LastSwiftUpdateCheck = 1010;
				LastUpgradeCheck = 1010;
				ORGANIZATIONNAME = "3 Amigos";
				TargetAttributes = {
					AA222460219A058600A84B39 = {
						CreatedOnToolsVersion = 10.1;
					};
				};
			};
			buildConfigurationList = AA22245C219A058600A84B39 /* Build configuration list for PBXProject "Busyness!" */;
			compatibilityVersion = "Xcode 9.3";
			developmentRegion = en;
			hasScannedForEncodings = 0;
			knownRegions = (
				en,
				Base,
			);
			mainGroup = AA222458219A058600A84B39;
			packageReferences = (
				07EDB8A7255633F7004F4C99 /* XCRemoteSwiftPackageReference "SwiftyJSON" */,
			);
			productRefGroup = AA222462219A058600A84B39 /* Products */;
			projectDirPath = "";
			projectRoot = "";
			targets = (
				AA222460219A058600A84B39 /* Busyness! */,
			);
		};
/* End PBXProject section */

/* Begin PBXResourcesBuildPhase section */
		AA22245F219A058600A84B39 /* Resources */ = {
			isa = PBXResourcesBuildPhase;
			buildActionMask = 2147483647;
			files = (
				AA222472219A058700A84B39 /* LaunchScreen.storyboard in Resources */,
				B5C1D01121B7BB0200C6274D /* Media.xcassets in Resources */,
				AA22246A219A058600A84B39 /* Main.storyboard in Resources */,
			);
			runOnlyForDeploymentPostprocessing = 0;
		};
/* End PBXResourcesBuildPhase section */

/* Begin PBXSourcesBuildPhase section */
		AA22245D219A058600A84B39 /* Sources */ = {
			isa = PBXSourcesBuildPhase;
			buildActionMask = 2147483647;
			files = (
				0781921B21B7CB8F0046E5AA /* LoggingUser.swift in Sources */,
				074ADF5221B2D51C00417249 /* WebService.swift in Sources */,
				07B678C4219E3A4F006E5AFC /* UserCustomizationViewController.swift in Sources */,
				AA222467219A058600A84B39 /* LoginViewController.swift in Sources */,
				074ADF5021AFA47B00417249 /* OutgoingRequestTableViewCell.swift in Sources */,
				079D32C521C173EE00C9480E /* DecodableRequest.swift in Sources */,
				AA222465219A058600A84B39 /* AppDelegate.swift in Sources */,
				074ADF4521AEF91700417249 /* User.swift in Sources */,
				07B678BA219E38B9006E5AFC /* RegistrationViewController.swift in Sources */,
				074ADF4721AEFC4900417249 /* Request.swift in Sources */,
				AA22246D219A058600A84B39 /* Busyness_.xcdatamodeld in Sources */,
				07B678BE219E38FB006E5AFC /* MakeRequestViewController.swift in Sources */,
				07B678C2219E3924006E5AFC /* RequestResponseViewController.swift in Sources */,
				07B678C8219E3A9D006E5AFC /* OutgoingRequestsTableViewController.swift in Sources */,
				07B678C0219E3912006E5AFC /* RequestStatusViewController.swift in Sources */,
				074ADF3C21ADADDB00417249 /* RecommendationViewController.swift in Sources */,
				074ADF4E21AFA47000417249 /* IncomingRequestTableViewCell.swift in Sources */,
				07B678BC219E38E8006E5AFC /* MainViewController.swift in Sources */,
				07B678C6219E3A7E006E5AFC /* IncomingRequestsTableViewController.swift in Sources */,
			);
			runOnlyForDeploymentPostprocessing = 0;
		};
/* End PBXSourcesBuildPhase section */

/* Begin PBXVariantGroup section */
		AA222468219A058600A84B39 /* Main.storyboard */ = {
			isa = PBXVariantGroup;
			children = (
				AA222469219A058600A84B39 /* Base */,
			);
			name = Main.storyboard;
			sourceTree = "<group>";
		};
		AA222470219A058700A84B39 /* LaunchScreen.storyboard */ = {
			isa = PBXVariantGroup;
			children = (
				AA222471219A058700A84B39 /* Base */,
			);
			name = LaunchScreen.storyboard;
			sourceTree = "<group>";
		};
/* End PBXVariantGroup section */

/* Begin XCBuildConfiguration section */
		AA222474219A058700A84B39 /* Debug */ = {
			isa = XCBuildConfiguration;
			buildSettings = {
				ALWAYS_SEARCH_USER_PATHS = NO;
				CLANG_ANALYZER_NONNULL = YES;
				CLANG_ANALYZER_NUMBER_OBJECT_CONVERSION = YES_AGGRESSIVE;
				CLANG_CXX_LANGUAGE_STANDARD = "gnu++14";
				CLANG_CXX_LIBRARY = "libc++";
				CLANG_ENABLE_MODULES = YES;
				CLANG_ENABLE_OBJC_ARC = YES;
				CLANG_ENABLE_OBJC_WEAK = YES;
				CLANG_WARN_BLOCK_CAPTURE_AUTORELEASING = YES;
				CLANG_WARN_BOOL_CONVERSION = YES;
				CLANG_WARN_COMMA = YES;
				CLANG_WARN_CONSTANT_CONVERSION = YES;
				CLANG_WARN_DEPRECATED_OBJC_IMPLEMENTATIONS = YES;
				CLANG_WARN_DIRECT_OBJC_ISA_USAGE = YES_ERROR;
				CLANG_WARN_DOCUMENTATION_COMMENTS = YES;
				CLANG_WARN_EMPTY_BODY = YES;
				CLANG_WARN_ENUM_CONVERSION = YES;
				CLANG_WARN_INFINITE_RECURSION = YES;
				CLANG_WARN_INT_CONVERSION = YES;
				CLANG_WARN_NON_LITERAL_NULL_CONVERSION = YES;
				CLANG_WARN_OBJC_IMPLICIT_RETAIN_SELF = YES;
				CLANG_WARN_OBJC_LITERAL_CONVERSION = YES;
				CLANG_WARN_OBJC_ROOT_CLASS = YES_ERROR;
				CLANG_WARN_RANGE_LOOP_ANALYSIS = YES;
				CLANG_WARN_STRICT_PROTOTYPES = YES;
				CLANG_WARN_SUSPICIOUS_MOVE = YES;
				CLANG_WARN_UNGUARDED_AVAILABILITY = YES_AGGRESSIVE;
				CLANG_WARN_UNREACHABLE_CODE = YES;
				CLANG_WARN__DUPLICATE_METHOD_MATCH = YES;
				CODE_SIGN_IDENTITY = "iPhone Developer";
				COPY_PHASE_STRIP = NO;
				DEBUG_INFORMATION_FORMAT = dwarf;
				ENABLE_STRICT_OBJC_MSGSEND = YES;
				ENABLE_TESTABILITY = YES;
				GCC_C_LANGUAGE_STANDARD = gnu11;
				GCC_DYNAMIC_NO_PIC = NO;
				GCC_NO_COMMON_BLOCKS = YES;
				GCC_OPTIMIZATION_LEVEL = 0;
				GCC_PREPROCESSOR_DEFINITIONS = (
					"DEBUG=1",
					"$(inherited)",
				);
				GCC_WARN_64_TO_32_BIT_CONVERSION = YES;
				GCC_WARN_ABOUT_RETURN_TYPE = YES_ERROR;
				GCC_WARN_UNDECLARED_SELECTOR = YES;
				GCC_WARN_UNINITIALIZED_AUTOS = YES_AGGRESSIVE;
				GCC_WARN_UNUSED_FUNCTION = YES;
				GCC_WARN_UNUSED_VARIABLE = YES;
				IPHONEOS_DEPLOYMENT_TARGET = 12.1;
				MTL_ENABLE_DEBUG_INFO = INCLUDE_SOURCE;
				MTL_FAST_MATH = YES;
				ONLY_ACTIVE_ARCH = YES;
				SDKROOT = iphoneos;
				SWIFT_ACTIVE_COMPILATION_CONDITIONS = DEBUG;
				SWIFT_OPTIMIZATION_LEVEL = "-Onone";
			};
			name = Debug;
		};
		AA222475219A058700A84B39 /* Release */ = {
			isa = XCBuildConfiguration;
			buildSettings = {
				ALWAYS_SEARCH_USER_PATHS = NO;
				CLANG_ANALYZER_NONNULL = YES;
				CLANG_ANALYZER_NUMBER_OBJECT_CONVERSION = YES_AGGRESSIVE;
				CLANG_CXX_LANGUAGE_STANDARD = "gnu++14";
				CLANG_CXX_LIBRARY = "libc++";
				CLANG_ENABLE_MODULES = YES;
				CLANG_ENABLE_OBJC_ARC = YES;
				CLANG_ENABLE_OBJC_WEAK = YES;
				CLANG_WARN_BLOCK_CAPTURE_AUTORELEASING = YES;
				CLANG_WARN_BOOL_CONVERSION = YES;
				CLANG_WARN_COMMA = YES;
				CLANG_WARN_CONSTANT_CONVERSION = YES;
				CLANG_WARN_DEPRECATED_OBJC_IMPLEMENTATIONS = YES;
				CLANG_WARN_DIRECT_OBJC_ISA_USAGE = YES_ERROR;
				CLANG_WARN_DOCUMENTATION_COMMENTS = YES;
				CLANG_WARN_EMPTY_BODY = YES;
				CLANG_WARN_ENUM_CONVERSION = YES;
				CLANG_WARN_INFINITE_RECURSION = YES;
				CLANG_WARN_INT_CONVERSION = YES;
				CLANG_WARN_NON_LITERAL_NULL_CONVERSION = YES;
				CLANG_WARN_OBJC_IMPLICIT_RETAIN_SELF = YES;
				CLANG_WARN_OBJC_LITERAL_CONVERSION = YES;
				CLANG_WARN_OBJC_ROOT_CLASS = YES_ERROR;
				CLANG_WARN_RANGE_LOOP_ANALYSIS = YES;
				CLANG_WARN_STRICT_PROTOTYPES = YES;
				CLANG_WARN_SUSPICIOUS_MOVE = YES;
				CLANG_WARN_UNGUARDED_AVAILABILITY = YES_AGGRESSIVE;
				CLANG_WARN_UNREACHABLE_CODE = YES;
				CLANG_WARN__DUPLICATE_METHOD_MATCH = YES;
				CODE_SIGN_IDENTITY = "iPhone Developer";
				COPY_PHASE_STRIP = NO;
				DEBUG_INFORMATION_FORMAT = "dwarf-with-dsym";
				ENABLE_NS_ASSERTIONS = NO;
				ENABLE_STRICT_OBJC_MSGSEND = YES;
				GCC_C_LANGUAGE_STANDARD = gnu11;
				GCC_NO_COMMON_BLOCKS = YES;
				GCC_WARN_64_TO_32_BIT_CONVERSION = YES;
				GCC_WARN_ABOUT_RETURN_TYPE = YES_ERROR;
				GCC_WARN_UNDECLARED_SELECTOR = YES;
				GCC_WARN_UNINITIALIZED_AUTOS = YES_AGGRESSIVE;
				GCC_WARN_UNUSED_FUNCTION = YES;
				GCC_WARN_UNUSED_VARIABLE = YES;
				IPHONEOS_DEPLOYMENT_TARGET = 12.1;
				MTL_ENABLE_DEBUG_INFO = NO;
				MTL_FAST_MATH = YES;
				SDKROOT = iphoneos;
				SWIFT_COMPILATION_MODE = wholemodule;
				SWIFT_OPTIMIZATION_LEVEL = "-O";
				VALIDATE_PRODUCT = YES;
			};
			name = Release;
		};
		AA222477219A058700A84B39 /* Debug */ = {
			isa = XCBuildConfiguration;
			buildSettings = {
				CODE_SIGN_STYLE = Automatic;
				DEVELOPMENT_TEAM = R4UZ2G5NDA;
				INFOPLIST_FILE = "$(SRCROOT)/Busyness!/Support/Info.plist";
				IPHONEOS_DEPLOYMENT_TARGET = 12.0;
				LD_RUNPATH_SEARCH_PATHS = (
					"$(inherited)",
					"@executable_path/Frameworks",
				);
				PRODUCT_BUNDLE_IDENTIFIER = "com.CS329E.Busyness-";
				PRODUCT_NAME = "$(TARGET_NAME)";
				SWIFT_OBJC_BRIDGING_HEADER = "Busyness!/Support/BridgingHeader.h";
				SWIFT_VERSION = 4.2;
				TARGETED_DEVICE_FAMILY = 1;
			};
			name = Debug;
		};
		AA222478219A058700A84B39 /* Release */ = {
			isa = XCBuildConfiguration;
			buildSettings = {
				CODE_SIGN_STYLE = Automatic;
				DEVELOPMENT_TEAM = R4UZ2G5NDA;
				INFOPLIST_FILE = "$(SRCROOT)/Busyness!/Support/Info.plist";
				IPHONEOS_DEPLOYMENT_TARGET = 12.0;
				LD_RUNPATH_SEARCH_PATHS = (
					"$(inherited)",
					"@executable_path/Frameworks",
				);
				PRODUCT_BUNDLE_IDENTIFIER = "com.CS329E.Busyness-";
				PRODUCT_NAME = "$(TARGET_NAME)";
				SWIFT_OBJC_BRIDGING_HEADER = "Busyness!/Support/BridgingHeader.h";
				SWIFT_VERSION = 4.2;
				TARGETED_DEVICE_FAMILY = 1;
			};
			name = Release;
		};
/* End XCBuildConfiguration section */

/* Begin XCConfigurationList section */
		AA22245C219A058600A84B39 /* Build configuration list for PBXProject "Busyness!" */ = {
			isa = XCConfigurationList;
			buildConfigurations = (
				AA222474219A058700A84B39 /* Debug */,
				AA222475219A058700A84B39 /* Release */,
			);
			defaultConfigurationIsVisible = 0;
			defaultConfigurationName = Release;
		};
		AA222476219A058700A84B39 /* Build configuration list for PBXNativeTarget "Busyness!" */ = {
			isa = XCConfigurationList;
			buildConfigurations = (
				AA222477219A058700A84B39 /* Debug */,
				AA222478219A058700A84B39 /* Release */,
			);
			defaultConfigurationIsVisible = 0;
			defaultConfigurationName = Release;
		};
/* End XCConfigurationList section */

/* Begin XCRemoteSwiftPackageReference section */
		07EDB8A7255633F7004F4C99 /* XCRemoteSwiftPackageReference "SwiftyJSON" */ = {
			isa = XCRemoteSwiftPackageReference;
			repositoryURL = "https://github.com/SwiftyJSON/SwiftyJSON.git";
			requirement = {
				kind = upToNextMajorVersion;
				minimumVersion = 5.0.0;
			};
		};
/* End XCRemoteSwiftPackageReference section */

/* Begin XCSwiftPackageProductDependency section */
		07333E5C2556480C00903FAF /* SwiftyJSON */ = {
			isa = XCSwiftPackageProductDependency;
			package = 07EDB8A7255633F7004F4C99 /* XCRemoteSwiftPackageReference "SwiftyJSON" */;
			productName = SwiftyJSON;
		};
/* End XCSwiftPackageProductDependency section */

/* Begin XCVersionGroup section */
		AA22246B219A058600A84B39 /* Busyness_.xcdatamodeld */ = {
			isa = XCVersionGroup;
			children = (
				AA22246C219A058600A84B39 /* Busyness_.xcdatamodel */,
			);
			currentVersion = AA22246C219A058600A84B39 /* Busyness_.xcdatamodel */;
			path = Busyness_.xcdatamodeld;
			sourceTree = "<group>";
			versionGroupType = wrapper.xcdatamodel;
		};
/* End XCVersionGroup section */
	};
	rootObject = AA222459219A058600A84B39 /* Project object */;
}
